{
  "name": "canva_clone",
  "lockfileVersion": 3,
  "requires": true,
  "packages": {
    "": {
      "dependencies": {
        "fabric": "^5.3.0-browser"
      }
    },
    "node_modules/fabric": {
      "version": "5.3.0-browser",
      "resolved": "https://registry.npmjs.org/fabric/-/fabric-5.3.0-browser.tgz",
      "integrity": "sha512-q8zJccGVX9SR+l223G1BG842/S6P6QdPeOfDClppG9uw2knkNMKwkpcrAWe186aLUZonu43V+jURhtSuix4OIQ==",
      "engines": {
        "node": ">=14.0.0"
      }
    }
  }
}
